
Microsoft Visual Studio Solution File, Format Version 12.00
# Visual Studio Version 16
VisualStudioVersion = 16.0.31229.75
MinimumVisualStudioVersion = 10.0.40219.1
Project("{FAE04EC0-301F-11D3-BF4B-00C04F79EFBC}") = "callingMethodAssignment", "callingMethodAssignment.csproj", "{C6976E33-DB1A-4161-A7B0-15C60BB92282}"
EndProject
Global
	GlobalSection(SolutionConfigurationPlatforms) = preSolution
		Debug|Any CPU = Debug|Any CPU
		Release|Any CPU = Release|Any CPU
	EndGlobalSection
	GlobalSection(ProjectConfigurationPlatforms) = postSolution
		{C6976E33-DB1A-4161-A7B0-15C60BB92282}.Debug|Any CPU.ActiveCfg = Debug|Any CPU
		{C6976E33-DB1A-4161-A7B0-15C60BB92282}.Debug|Any CPU.Build.0 = Debug|Any CPU
		{C6976E33-DB1A-4161-A7B0-15C60BB92282}.Release|Any CPU.ActiveCfg = Release|Any CPU
		{C6976E33-DB1A-4161-A7B0-15C60BB92282}.Release|Any CPU.Build.0 = Release|Any CPU
	EndGlobalSection
	GlobalSection(SolutionProperties) = preSolution
		HideSolutionNode = FALSE
	EndGlobalSection
	GlobalSection(ExtensibilityGlobals) = postSolution
		SolutionGuid = {AA7E2F8D-F3C0-49A4-8DA1-D8FF9ABFB3A4}
	EndGlobalSection
EndGlobal
