
Microsoft Visual Studio Solution File, Format Version 12.00
# Visual Studio Version 16
VisualStudioVersion = 16.0.31229.75
MinimumVisualStudioVersion = 10.0.40219.1
Project("{FAE04EC0-301F-11D3-BF4B-00C04F79EFBC}") = "switchStatment", "switchStatment.csproj", "{E86A67B8-B43E-40D2-88D3-2FE7F42321D8}"
EndProject
Global
	GlobalSection(SolutionConfigurationPlatforms) = preSolution
		Debug|Any CPU = Debug|Any CPU
		Release|Any CPU = Release|Any CPU
	EndGlobalSection
	GlobalSection(ProjectConfigurationPlatforms) = postSolution
		{E86A67B8-B43E-40D2-88D3-2FE7F42321D8}.Debug|Any CPU.ActiveCfg = Debug|Any CPU
		{E86A67B8-B43E-40D2-88D3-2FE7F42321D8}.Debug|Any CPU.Build.0 = Debug|Any CPU
		{E86A67B8-B43E-40D2-88D3-2FE7F42321D8}.Release|Any CPU.ActiveCfg = Release|Any CPU
		{E86A67B8-B43E-40D2-88D3-2FE7F42321D8}.Release|Any CPU.Build.0 = Release|Any CPU
	EndGlobalSection
	GlobalSection(SolutionProperties) = preSolution
		HideSolutionNode = FALSE
	EndGlobalSection
	GlobalSection(ExtensibilityGlobals) = postSolution
		SolutionGuid = {45EC5C14-3A01-442B-93F7-F0D8B23061DC}
	EndGlobalSection
EndGlobal
