
Microsoft Visual Studio Solution File, Format Version 12.00
# Visual Studio Version 16
VisualStudioVersion = 16.0.31229.75
MinimumVisualStudioVersion = 10.0.40219.1
Project("{FAE04EC0-301F-11D3-BF4B-00C04F79EFBC}") = "AppAssignment", "AppAssignment.csproj", "{94ABB415-0567-4568-B979-2DBD28543A45}"
EndProject
Global
	GlobalSection(SolutionConfigurationPlatforms) = preSolution
		Debug|Any CPU = Debug|Any CPU
		Release|Any CPU = Release|Any CPU
	EndGlobalSection
	GlobalSection(ProjectConfigurationPlatforms) = postSolution
		{94ABB415-0567-4568-B979-2DBD28543A45}.Debug|Any CPU.ActiveCfg = Debug|Any CPU
		{94ABB415-0567-4568-B979-2DBD28543A45}.Debug|Any CPU.Build.0 = Debug|Any CPU
		{94ABB415-0567-4568-B979-2DBD28543A45}.Release|Any CPU.ActiveCfg = Release|Any CPU
		{94ABB415-0567-4568-B979-2DBD28543A45}.Release|Any CPU.Build.0 = Release|Any CPU
	EndGlobalSection
	GlobalSection(SolutionProperties) = preSolution
		HideSolutionNode = FALSE
	EndGlobalSection
	GlobalSection(ExtensibilityGlobals) = postSolution
		SolutionGuid = {F835F9C9-FA3B-47EC-8983-749659D3061D}
	EndGlobalSection
EndGlobal
