
Microsoft Visual Studio Solution File, Format Version 12.00
# Visual Studio Version 16
VisualStudioVersion = 16.0.31229.75
MinimumVisualStudioVersion = 10.0.40219.1
Project("{FAE04EC0-301F-11D3-BF4B-00C04F79EFBC}") = "myConsoleProject.cs.", "myConsoleProject.cs\myConsoleProject.cs..csproj", "{5F9A5414-F26C-45F5-B93E-E35C1935CB7A}"
EndProject
Global
	GlobalSection(SolutionConfigurationPlatforms) = preSolution
		Debug|Any CPU = Debug|Any CPU
		Release|Any CPU = Release|Any CPU
	EndGlobalSection
	GlobalSection(ProjectConfigurationPlatforms) = postSolution
		{5F9A5414-F26C-45F5-B93E-E35C1935CB7A}.Debug|Any CPU.ActiveCfg = Debug|Any CPU
		{5F9A5414-F26C-45F5-B93E-E35C1935CB7A}.Debug|Any CPU.Build.0 = Debug|Any CPU
		{5F9A5414-F26C-45F5-B93E-E35C1935CB7A}.Release|Any CPU.ActiveCfg = Release|Any CPU
		{5F9A5414-F26C-45F5-B93E-E35C1935CB7A}.Release|Any CPU.Build.0 = Release|Any CPU
	EndGlobalSection
	GlobalSection(SolutionProperties) = preSolution
		HideSolutionNode = FALSE
	EndGlobalSection
	GlobalSection(ExtensibilityGlobals) = postSolution
		SolutionGuid = {CBA20C35-68F7-4CAE-B04C-E6CAA83D36C8}
	EndGlobalSection
EndGlobal
