
Microsoft Visual Studio Solution File, Format Version 12.00
# Visual Studio Version 16
VisualStudioVersion = 16.0.31229.75
MinimumVisualStudioVersion = 10.0.40219.1
Project("{FAE04EC0-301F-11D3-BF4B-00C04F79EFBC}") = "TwoIntegerMethod", "TwoIntegerMethod.csproj", "{82C1F0F1-F106-475E-90C3-F46F229BDDE5}"
EndProject
Global
	GlobalSection(SolutionConfigurationPlatforms) = preSolution
		Debug|Any CPU = Debug|Any CPU
		Release|Any CPU = Release|Any CPU
	EndGlobalSection
	GlobalSection(ProjectConfigurationPlatforms) = postSolution
		{82C1F0F1-F106-475E-90C3-F46F229BDDE5}.Debug|Any CPU.ActiveCfg = Debug|Any CPU
		{82C1F0F1-F106-475E-90C3-F46F229BDDE5}.Debug|Any CPU.Build.0 = Debug|Any CPU
		{82C1F0F1-F106-475E-90C3-F46F229BDDE5}.Release|Any CPU.ActiveCfg = Release|Any CPU
		{82C1F0F1-F106-475E-90C3-F46F229BDDE5}.Release|Any CPU.Build.0 = Release|Any CPU
	EndGlobalSection
	GlobalSection(SolutionProperties) = preSolution
		HideSolutionNode = FALSE
	EndGlobalSection
	GlobalSection(ExtensibilityGlobals) = postSolution
		SolutionGuid = {992D7D23-DB23-4579-8187-6A6558AA0E21}
	EndGlobalSection
EndGlobal
